// !$*UTF8*$!
{
	archiveVersion = 1;
	classes = {
	};
	objectVersion = 46;
	objects = {

/* Begin PBXBuildFile section */
		FA25B3151359772500E6A603 /* UIKit.framework in Frameworks */ = {isa = PBXBuildFile; fileRef = FA25B3141359772500E6A603 /* UIKit.framework */; };
		FA25B3171359772500E6A603 /* Foundation.framework in Frameworks */ = {isa = PBXBuildFile; fileRef = FA25B3161359772500E6A603 /* Foundation.framework */; };
		FA25B3191359772500E6A603 /* CoreGraphics.framework in Frameworks */ = {isa = PBXBuildFile; fileRef = FA25B3181359772500E6A603 /* CoreGraphics.framework */; };
		FA25B31F1359772500E6A603 /* InfoPlist.strings in Resources */ = {isa = PBXBuildFile; fileRef = FA25B31D1359772500E6A603 /* InfoPlist.strings */; };
		FA25B3221359772500E6A603 /* main.m in Sources */ = {isa = PBXBuildFile; fileRef = FA25B3211359772500E6A603 /* main.m */; };
		FA25B3251359772500E6A603 /* vEkaSoftFirstTestTaskAppDelegate.m in Sources */ = {isa = PBXBuildFile; fileRef = FA25B3241359772500E6A603 /* vEkaSoftFirstTestTaskAppDelegate.m */; };
		FA25B3281359772500E6A603 /* MainWindow.xib in Resources */ = {isa = PBXBuildFile; fileRef = FA25B3261359772500E6A603 /* MainWindow.xib */; };
		FA25B32B1359772500E6A603 /* RootViewController.m in Sources */ = {isa = PBXBuildFile; fileRef = FA25B32A1359772500E6A603 /* RootViewController.m */; };
		FA25B32E1359772500E6A603 /* RootViewController.xib in Resources */ = {isa = PBXBuildFile; fileRef = FA25B32C1359772500E6A603 /* RootViewController.xib */; };
		FA25B33B1359797700E6A603 /* DetailedInfoController.m in Sources */ = {isa = PBXBuildFile; fileRef = FA25B3391359797700E6A603 /* DetailedInfoController.m */; };
		FA25B33C1359797700E6A603 /* DetailedInfoController.xib in Resources */ = {isa = PBXBuildFile; fileRef = FA25B33A1359797700E6A603 /* DetailedInfoController.xib */; };
		FA25B34C135979AF00E6A603 /* NSObject+SBJSON.m in Sources */ = {isa = PBXBuildFile; fileRef = FA25B341135979AF00E6A603 /* NSObject+SBJSON.m */; };
		FA25B34D135979AF00E6A603 /* NSString+SBJSON.m in Sources */ = {isa = PBXBuildFile; fileRef = FA25B343135979AF00E6A603 /* NSString+SBJSON.m */; };
		FA25B34E135979AF00E6A603 /* SBJSON.m in Sources */ = {isa = PBXBuildFile; fileRef = FA25B345135979AF00E6A603 /* SBJSON.m */; };
		FA25B34F135979AF00E6A603 /* SBJsonBase.m in Sources */ = {isa = PBXBuildFile; fileRef = FA25B347135979AF00E6A603 /* SBJsonBase.m */; };
		FA25B350135979AF00E6A603 /* SBJsonParser.m in Sources */ = {isa = PBXBuildFile; fileRef = FA25B349135979AF00E6A603 /* SBJsonParser.m */; };
		FA25B351135979AF00E6A603 /* SBJsonWriter.m in Sources */ = {isa = PBXBuildFile; fileRef = FA25B34B135979AF00E6A603 /* SBJsonWriter.m */; };
		FA25B35413597F8000E6A603 /* ItemModel.m in Sources */ = {isa = PBXBuildFile; fileRef = FA25B35313597F8000E6A603 /* ItemModel.m */; };
		FA3ACE8D135C71CC00855C8C /* ImageDownloader.m in Sources */ = {isa = PBXBuildFile; fileRef = FA3ACE8C135C71CC00855C8C /* ImageDownloader.m */; };
/* End PBXBuildFile section */

/* Begin PBXFileReference section */
		FA25B3101359772400E6A603 /* vEkaSoftFirstTestTask.app */ = {isa = PBXFileReference; explicitFileType = wrapper.application; includeInIndex = 0; path = vEkaSoftFirstTestTask.app; sourceTree = BUILT_PRODUCTS_DIR; };
		FA25B3141359772500E6A603 /* UIKit.framework */ = {isa = PBXFileReference; lastKnownFileType = wrapper.framework; name = UIKit.framework; path = System/Library/Frameworks/UIKit.framework; sourceTree = SDKROOT; };
		FA25B3161359772500E6A603 /* Foundation.framework */ = {isa = PBXFileReference; lastKnownFileType = wrapper.framework; name = Foundation.framework; path = System/Library/Frameworks/Foundation.framework; sourceTree = SDKROOT; };
		FA25B3181359772500E6A603 /* CoreGraphics.framework */ = {isa = PBXFileReference; lastKnownFileType = wrapper.framework; name = CoreGraphics.framework; path = System/Library/Frameworks/CoreGraphics.framework; sourceTree = SDKROOT; };
		FA25B31C1359772500E6A603 /* vEkaSoftFirstTestTask-Info.plist */ = {isa = PBXFileReference; lastKnownFileType = text.plist.xml; path = "vEkaSoftFirstTestTask-Info.plist"; sourceTree = "<group>"; };
		FA25B31E1359772500E6A603 /* en */ = {isa = PBXFileReference; lastKnownFileType = text.plist.strings; name = en; path = en.lproj/InfoPlist.strings; sourceTree = "<group>"; };
		FA25B3201359772500E6A603 /* vEkaSoftFirstTestTask-Prefix.pch */ = {isa = PBXFileReference; lastKnownFileType = sourcecode.c.h; path = "vEkaSoftFirstTestTask-Prefix.pch"; sourceTree = "<group>"; };
		FA25B3211359772500E6A603 /* main.m */ = {isa = PBXFileReference; lastKnownFileType = sourcecode.c.objc; path = main.m; sourceTree = "<group>"; };
		FA25B3231359772500E6A603 /* vEkaSoftFirstTestTaskAppDelegate.h */ = {isa = PBXFileReference; lastKnownFileType = sourcecode.c.h; path = vEkaSoftFirstTestTaskAppDelegate.h; sourceTree = "<group>"; };
		FA25B3241359772500E6A603 /* vEkaSoftFirstTestTaskAppDelegate.m */ = {isa = PBXFileReference; lastKnownFileType = sourcecode.c.objc; path = vEkaSoftFirstTestTaskAppDelegate.m; sourceTree = "<group>"; };
		FA25B3271359772500E6A603 /* en */ = {isa = PBXFileReference; lastKnownFileType = file.xib; name = en; path = en.lproj/MainWindow.xib; sourceTree = "<group>"; };
		FA25B3291359772500E6A603 /* RootViewController.h */ = {isa = PBXFileReference; lastKnownFileType = sourcecode.c.h; path = RootViewController.h; sourceTree = "<group>"; };
		FA25B32A1359772500E6A603 /* RootViewController.m */ = {isa = PBXFileReference; lastKnownFileType = sourcecode.c.objc; path = RootViewController.m; sourceTree = "<group>"; };
		FA25B32D1359772500E6A603 /* en */ = {isa = PBXFileReference; lastKnownFileType = file.xib; name = en; path = en.lproj/RootViewController.xib; sourceTree = "<group>"; };
		FA25B3381359797700E6A603 /* DetailedInfoController.h */ = {isa = PBXFileReference; fileEncoding = 4; lastKnownFileType = sourcecode.c.h; path = DetailedInfoController.h; sourceTree = "<group>"; };
		FA25B3391359797700E6A603 /* DetailedInfoController.m */ = {isa = PBXFileReference; fileEncoding = 4; lastKnownFileType = sourcecode.c.objc; path = DetailedInfoController.m; sourceTree = "<group>"; };
		FA25B33A1359797700E6A603 /* DetailedInfoController.xib */ = {isa = PBXFileReference; fileEncoding = 4; lastKnownFileType = file.xib; path = DetailedInfoController.xib; sourceTree = "<group>"; };
		FA25B33F135979AF00E6A603 /* JSON.h */ = {isa = PBXFileReference; fileEncoding = 4; lastKnownFileType = sourcecode.c.h; path = JSON.h; sourceTree = "<group>"; };
		FA25B340135979AF00E6A603 /* NSObject+SBJSON.h */ = {isa = PBXFileReference; fileEncoding = 4; lastKnownFileType = sourcecode.c.h; path = "NSObject+SBJSON.h"; sourceTree = "<group>"; };
		FA25B341135979AF00E6A603 /* NSObject+SBJSON.m */ = {isa = PBXFileReference; fileEncoding = 4; lastKnownFileType = sourcecode.c.objc; path = "NSObject+SBJSON.m"; sourceTree = "<group>"; };
		FA25B342135979AF00E6A603 /* NSString+SBJSON.h */ = {isa = PBXFileReference; fileEncoding = 4; lastKnownFileType = sourcecode.c.h; path = "NSString+SBJSON.h"; sourceTree = "<group>"; };
		FA25B343135979AF00E6A603 /* NSString+SBJSON.m */ = {isa = PBXFileReference; fileEncoding = 4; lastKnownFileType = sourcecode.c.objc; path = "NSString+SBJSON.m"; sourceTree = "<group>"; };
		FA25B344135979AF00E6A603 /* SBJSON.h */ = {isa = PBXFileReference; fileEncoding = 4; lastKnownFileType = sourcecode.c.h; path = SBJSON.h; sourceTree = "<group>"; };
		FA25B345135979AF00E6A603 /* SBJSON.m */ = {isa = PBXFileReference; fileEncoding = 4; lastKnownFileType = sourcecode.c.objc; path = SBJSON.m; sourceTree = "<group>"; };
		FA25B346135979AF00E6A603 /* SBJsonBase.h */ = {isa = PBXFileReference; fileEncoding = 4; lastKnownFileType = sourcecode.c.h; path = SBJsonBase.h; sourceTree = "<group>"; };
		FA25B347135979AF00E6A603 /* SBJsonBase.m */ = {isa = PBXFileReference; fileEncoding = 4; lastKnownFileType = sourcecode.c.objc; path = SBJsonBase.m; sourceTree = "<group>"; };
		FA25B348135979AF00E6A603 /* SBJsonParser.h */ = {isa = PBXFileReference; fileEncoding = 4; lastKnownFileType = sourcecode.c.h; path = SBJsonParser.h; sourceTree = "<group>"; };
		FA25B349135979AF00E6A603 /* SBJsonParser.m */ = {isa = PBXFileReference; fileEncoding = 4; lastKnownFileType = sourcecode.c.objc; path = SBJsonParser.m; sourceTree = "<group>"; };
		FA25B34A135979AF00E6A603 /* SBJsonWriter.h */ = {isa = PBXFileReference; fileEncoding = 4; lastKnownFileType = sourcecode.c.h; path = SBJsonWriter.h; sourceTree = "<group>"; };
		FA25B34B135979AF00E6A603 /* SBJsonWriter.m */ = {isa = PBXFileReference; fileEncoding = 4; lastKnownFileType = sourcecode.c.objc; path = SBJsonWriter.m; sourceTree = "<group>"; };
		FA25B35213597F8000E6A603 /* ItemModel.h */ = {isa = PBXFileReference; fileEncoding = 4; lastKnownFileType = sourcecode.c.h; path = ItemModel.h; sourceTree = "<group>"; };
		FA25B35313597F8000E6A603 /* ItemModel.m */ = {isa = PBXFileReference; fileEncoding = 4; lastKnownFileType = sourcecode.c.objc; path = ItemModel.m; sourceTree = "<group>"; };
		FA3ACE8B135C71CB00855C8C /* ImageDownloader.h */ = {isa = PBXFileReference; fileEncoding = 4; lastKnownFileType = sourcecode.c.h; path = ImageDownloader.h; sourceTree = "<group>"; };
		FA3ACE8C135C71CC00855C8C /* ImageDownloader.m */ = {isa = PBXFileReference; fileEncoding = 4; lastKnownFileType = sourcecode.c.objc; path = ImageDownloader.m; sourceTree = "<group>"; };
/* End PBXFileReference section */

/* Begin PBXFrameworksBuildPhase section */
		FA25B30D1359772400E6A603 /* Frameworks */ = {
			isa = PBXFrameworksBuildPhase;
			buildActionMask = 2147483647;
			files = (
				FA25B3151359772500E6A603 /* UIKit.framework in Frameworks */,
				FA25B3171359772500E6A603 /* Foundation.framework in Frameworks */,
				FA25B3191359772500E6A603 /* CoreGraphics.framework in Frameworks */,
			);
			runOnlyForDeploymentPostprocessing = 0;
		};
/* End PBXFrameworksBuildPhase section */

/* Begin PBXGroup section */
		FA25B3051359772400E6A603 = {
			isa = PBXGroup;
			children = (
				FA25B31A1359772500E6A603 /* vEkaSoftFirstTestTask */,
				FA25B3131359772400E6A603 /* Frameworks */,
				FA25B3111359772400E6A603 /* Products */,
			);
			sourceTree = "<group>";
		};
		FA25B3111359772400E6A603 /* Products */ = {
			isa = PBXGroup;
			children = (
				FA25B3101359772400E6A603 /* vEkaSoftFirstTestTask.app */,
			);
			name = Products;
			sourceTree = "<group>";
		};
		FA25B3131359772400E6A603 /* Frameworks */ = {
			isa = PBXGroup;
			children = (
				FA25B3141359772500E6A603 /* UIKit.framework */,
				FA25B3161359772500E6A603 /* Foundation.framework */,
				FA25B3181359772500E6A603 /* CoreGraphics.framework */,
			);
			name = Frameworks;
			sourceTree = "<group>";
		};
		FA25B31A1359772500E6A603 /* vEkaSoftFirstTestTask */ = {
			isa = PBXGroup;
			children = (
				FA25B35D1359837A00E6A603 /* Resources */,
				FA25B33E135979AF00E6A603 /* JSON */,
				FA25B31B1359772500E6A603 /* Supporting Files */,
				FA25B3231359772500E6A603 /* vEkaSoftFirstTestTaskAppDelegate.h */,
				FA25B3241359772500E6A603 /* vEkaSoftFirstTestTaskAppDelegate.m */,
				FA25B3291359772500E6A603 /* RootViewController.h */,
				FA25B32A1359772500E6A603 /* RootViewController.m */,
				FA25B3381359797700E6A603 /* DetailedInfoController.h */,
				FA25B3391359797700E6A603 /* DetailedInfoController.m */,
				FA25B35213597F8000E6A603 /* ItemModel.h */,
				FA25B35313597F8000E6A603 /* ItemModel.m */,
				FA3ACE8B135C71CB00855C8C /* ImageDownloader.h */,
				FA3ACE8C135C71CC00855C8C /* ImageDownloader.m */,
			);
			path = vEkaSoftFirstTestTask;
			sourceTree = "<group>";
		};
		FA25B31B1359772500E6A603 /* Supporting Files */ = {
			isa = PBXGroup;
			children = (
				FA25B31C1359772500E6A603 /* vEkaSoftFirstTestTask-Info.plist */,
				FA25B31D1359772500E6A603 /* InfoPlist.strings */,
				FA25B3201359772500E6A603 /* vEkaSoftFirstTestTask-Prefix.pch */,
				FA25B3211359772500E6A603 /* main.m */,
			);
			name = "Supporting Files";
			sourceTree = "<group>";
		};
		FA25B33E135979AF00E6A603 /* JSON */ = {
			isa = PBXGroup;
			children = (
				FA25B33F135979AF00E6A603 /* JSON.h */,
				FA25B340135979AF00E6A603 /* NSObject+SBJSON.h */,
				FA25B341135979AF00E6A603 /* NSObject+SBJSON.m */,
				FA25B342135979AF00E6A603 /* NSString+SBJSON.h */,
				FA25B343135979AF00E6A603 /* NSString+SBJSON.m */,
				FA25B344135979AF00E6A603 /* SBJSON.h */,
				FA25B345135979AF00E6A603 /* SBJSON.m */,
				FA25B346135979AF00E6A603 /* SBJsonBase.h */,
				FA25B347135979AF00E6A603 /* SBJsonBase.m */,
				FA25B348135979AF00E6A603 /* SBJsonParser.h */,
				FA25B349135979AF00E6A603 /* SBJsonParser.m */,
				FA25B34A135979AF00E6A603 /* SBJsonWriter.h */,
				FA25B34B135979AF00E6A603 /* SBJsonWriter.m */,
			);
			path = JSON;
			sourceTree = "<group>";
		};
		FA25B35D1359837A00E6A603 /* Resources */ = {
			isa = PBXGroup;
			children = (
				FA25B33A1359797700E6A603 /* DetailedInfoController.xib */,
				FA25B32C1359772500E6A603 /* RootViewController.xib */,
				FA25B3261359772500E6A603 /* MainWindow.xib */,
			);
			name = Resources;
			sourceTree = "<group>";
		};
/* End PBXGroup section */

/* Begin PBXNativeTarget section */
		FA25B30F1359772400E6A603 /* vEkaSoftFirstTestTask */ = {
			isa = PBXNativeTarget;
			buildConfigurationList = FA25B3311359772500E6A603 /* Build configuration list for PBXNativeTarget "vEkaSoftFirstTestTask" */;
			buildPhases = (
				FA25B30C1359772400E6A603 /* Sources */,
				FA25B30D1359772400E6A603 /* Frameworks */,
				FA25B30E1359772400E6A603 /* Resources */,
			);
			buildRules = (
			);
			dependencies = (
			);
			name = vEkaSoftFirstTestTask;
			productName = vEkaSoftFirstTestTask;
			productReference = FA25B3101359772400E6A603 /* vEkaSoftFirstTestTask.app */;
			productType = "com.apple.product-type.application";
		};
/* End PBXNativeTarget section */

/* Begin PBXProject section */
		FA25B3071359772400E6A603 /* Project object */ = {
			isa = PBXProject;
			attributes = {
				ORGANIZATIONNAME = Home;
			};
			buildConfigurationList = FA25B30A1359772400E6A603 /* Build configuration list for PBXProject "vEkaSoftFirstTestTask" */;
			compatibilityVersion = "Xcode 3.2";
			developmentRegion = English;
			hasScannedForEncodings = 0;
			knownRegions = (
				en,
			);
			mainGroup = FA25B3051359772400E6A603;
			productRefGroup = FA25B3111359772400E6A603 /* Products */;
			projectDirPath = "";
			projectRoot = "";
			targets = (
				FA25B30F1359772400E6A603 /* vEkaSoftFirstTestTask */,
			);
		};
/* End PBXProject section */

/* Begin PBXResourcesBuildPhase section */
		FA25B30E1359772400E6A603 /* Resources */ = {
			isa = PBXResourcesBuildPhase;
			buildActionMask = 2147483647;
			files = (
				FA25B31F1359772500E6A603 /* InfoPlist.strings in Resources */,
				FA25B3281359772500E6A603 /* MainWindow.xib in Resources */,
				FA25B32E1359772500E6A603 /* RootViewController.xib in Resources */,
				FA25B33C1359797700E6A603 /* DetailedInfoController.xib in Resources */,
			);
			runOnlyForDeploymentPostprocessing = 0;
		};
/* End PBXResourcesBuildPhase section */

/* Begin PBXSourcesBuildPhase section */
		FA25B30C1359772400E6A603 /* Sources */ = {
			isa = PBXSourcesBuildPhase;
			buildActionMask = 2147483647;
			files = (
				FA25B3221359772500E6A603 /* main.m in Sources */,
				FA25B3251359772500E6A603 /* vEkaSoftFirstTestTaskAppDelegate.m in Sources */,
				FA25B32B1359772500E6A603 /* RootViewController.m in Sources */,
				FA25B33B1359797700E6A603 /* DetailedInfoController.m in Sources */,
				FA25B34C135979AF00E6A603 /* NSObject+SBJSON.m in Sources */,
				FA25B34D135979AF00E6A603 /* NSString+SBJSON.m in Sources */,
				FA25B34E135979AF00E6A603 /* SBJSON.m in Sources */,
				FA25B34F135979AF00E6A603 /* SBJsonBase.m in Sources */,
				FA25B350135979AF00E6A603 /* SBJsonParser.m in Sources */,
				FA25B351135979AF00E6A603 /* SBJsonWriter.m in Sources */,
				FA25B35413597F8000E6A603 /* ItemModel.m in Sources */,
				FA3ACE8D135C71CC00855C8C /* ImageDownloader.m in Sources */,
			);
			runOnlyForDeploymentPostprocessing = 0;
		};
/* End PBXSourcesBuildPhase section */

/* Begin PBXVariantGroup section */
		FA25B31D1359772500E6A603 /* InfoPlist.strings */ = {
			isa = PBXVariantGroup;
			children = (
				FA25B31E1359772500E6A603 /* en */,
			);
			name = InfoPlist.strings;
			sourceTree = "<group>";
		};
		FA25B3261359772500E6A603 /* MainWindow.xib */ = {
			isa = PBXVariantGroup;
			children = (
				FA25B3271359772500E6A603 /* en */,
			);
			name = MainWindow.xib;
			sourceTree = "<group>";
		};
		FA25B32C1359772500E6A603 /* RootViewController.xib */ = {
			isa = PBXVariantGroup;
			children = (
				FA25B32D1359772500E6A603 /* en */,
			);
			name = RootViewController.xib;
			sourceTree = "<group>";
		};
/* End PBXVariantGroup section */

/* Begin XCBuildConfiguration section */
		FA25B32F1359772500E6A603 /* Debug */ = {
			isa = XCBuildConfiguration;
			buildSettings = {
				ARCHS = "$(ARCHS_STANDARD_32_BIT)";
				"CODE_SIGN_IDENTITY[sdk=iphoneos*]" = "iPhone Developer";
				GCC_C_LANGUAGE_STANDARD = gnu99;
				GCC_OPTIMIZATION_LEVEL = 0;
				GCC_PREPROCESSOR_DEFINITIONS = DEBUG;
				GCC_SYMBOLS_PRIVATE_EXTERN = NO;
				GCC_VERSION = com.apple.compilers.llvmgcc42;
				GCC_WARN_ABOUT_RETURN_TYPE = YES;
				GCC_WARN_UNUSED_VARIABLE = YES;
				IPHONEOS_DEPLOYMENT_TARGET = 4.3;
				SDKROOT = iphoneos;
			};
			name = Debug;
		};
		FA25B3301359772500E6A603 /* Release */ = {
			isa = XCBuildConfiguration;
			buildSettings = {
				ARCHS = "$(ARCHS_STANDARD_32_BIT)";
				"CODE_SIGN_IDENTITY[sdk=iphoneos*]" = "iPhone Developer";
				GCC_C_LANGUAGE_STANDARD = gnu99;
				GCC_VERSION = com.apple.compilers.llvmgcc42;
				GCC_WARN_ABOUT_RETURN_TYPE = YES;
				GCC_WARN_UNUSED_VARIABLE = YES;
				IPHONEOS_DEPLOYMENT_TARGET = 4.3;
				OTHER_CFLAGS = "-DNS_BLOCK_ASSERTIONS=1";
				SDKROOT = iphoneos;
			};
			name = Release;
		};
		FA25B3321359772500E6A603 /* Debug */ = {
			isa = XCBuildConfiguration;
			buildSettings = {
				ALWAYS_SEARCH_USER_PATHS = NO;
				COPY_PHASE_STRIP = NO;
				GCC_DYNAMIC_NO_PIC = NO;
				GCC_PRECOMPILE_PREFIX_HEADER = YES;
				GCC_PREFIX_HEADER = "vEkaSoftFirstTestTask/vEkaSoftFirstTestTask-Prefix.pch";
				INFOPLIST_FILE = "vEkaSoftFirstTestTask/vEkaSoftFirstTestTask-Info.plist";
				PRODUCT_NAME = "$(TARGET_NAME)";
				WRAPPER_EXTENSION = app;
			};
			name = Debug;
		};
		FA25B3331359772500E6A603 /* Release */ = {
			isa = XCBuildConfiguration;
			buildSettings = {
				ALWAYS_SEARCH_USER_PATHS = NO;
				COPY_PHASE_STRIP = YES;
				GCC_PRECOMPILE_PREFIX_HEADER = YES;
				GCC_PREFIX_HEADER = "vEkaSoftFirstTestTask/vEkaSoftFirstTestTask-Prefix.pch";
				INFOPLIST_FILE = "vEkaSoftFirstTestTask/vEkaSoftFirstTestTask-Info.plist";
				PRODUCT_NAME = "$(TARGET_NAME)";
				VALIDATE_PRODUCT = YES;
				WRAPPER_EXTENSION = app;
			};
			name = Release;
		};
/* End XCBuildConfiguration section */

/* Begin XCConfigurationList section */
		FA25B30A1359772400E6A603 /* Build configuration list for PBXProject "vEkaSoftFirstTestTask" */ = {
			isa = XCConfigurationList;
			buildConfigurations = (
				FA25B32F1359772500E6A603 /* Debug */,
				FA25B3301359772500E6A603 /* Release */,
			);
			defaultConfigurationIsVisible = 0;
			defaultConfigurationName = Release;
		};
		FA25B3311359772500E6A603 /* Build configuration list for PBXNativeTarget "vEkaSoftFirstTestTask" */ = {
			isa = XCConfigurationList;
			buildConfigurations = (
				FA25B3321359772500E6A603 /* Debug */,
				FA25B3331359772500E6A603 /* Release */,
			);
			defaultConfigurationIsVisible = 0;
			defaultConfigurationName = Release;
		};
/* End XCConfigurationList section */
	};
	rootObject = FA25B3071359772400E6A603 /* Project object */;
}
